PATH
  remote: .
  specs:
    yard-is-sequel (0.8.0)
      sequel (~> 5.100)
      sqlite3 (~> 2.9)
      yard (~> 0.9)

GEM
  specs:
    bigdecimal (4.0.1)
    sequel (5.100.0)
      bigdecimal
    sqlite3 (2.9.0-x86_64-linux-gnu)
    yard (0.9.38)

PLATFORMS
  x86_64-linux

DEPENDENCIES
  yard-is-sequel!

CHECKSUMS
  bigdecimal (4.0.1)
  sequel (5.100.0)
  sqlite3 (2.9.0-x86_64-linux-gnu)
  yard (0.9.38)
  yard-is-sequel (0.8.0)

BUNDLED WITH
  4.0.4
